
Microsoft Visual Studio Solution File, Format Version 12.00
# Visual Studio Version 17
VisualStudioVersion = 17.11.35303.130
MinimumVisualStudioVersion = 10.0.40219.1
Project("{2150E333-8FDC-42A3-9474-1A3956D46DE8}") = "Applications", "Applications", "{C80D0E92-DCD7-4A37-9823-4859203D07D0}"
EndProject
Project("{2150E333-8FDC-42A3-9474-1A3956D46DE8}") = "Libraries", "Libraries", "{E0BBBE79-D568-4AFE-B279-CCDE37DE0CAE}"
EndProject
Project("{9A19103F-16F7-4668-BE54-9A1E7A4F7556}") = "SV21T1020880.Web", "SV21T1020880.Web\SV21T1020880.Web.csproj", "{6574ACB7-9427-48E5-BE7A-1FFF724E03AA}"
EndProject
Project("{9A19103F-16F7-4668-BE54-9A1E7A4F7556}") = "SV21T1020880.DomainModels", "SV21T1020880.DomainModels\SV21T1020880.DomainModels.csproj", "{B5361021-0BB4-4FAB-8AB2-8F9B58467FF1}"
EndProject
Project("{9A19103F-16F7-4668-BE54-9A1E7A4F7556}") = "SV21T1020880.DataLayers", "SV21T1020880.DataLayers\SV21T1020880.DataLayers.csproj", "{4B59F6CE-99C7-4E38-84E5-56E8DD7E26F3}"
EndProject
Project("{9A19103F-16F7-4668-BE54-9A1E7A4F7556}") = "SV21T1020880.BusinessLayers", "SV21T1020880.BusinessLayers\SV21T1020880.BusinessLayers.csproj", "{C8BE75F5-FC39-4A28-BEF8-9E576A87CEA3}"
EndProject
Project("{FAE04EC0-301F-11D3-BF4B-00C04F79EFBC}") = "SV21T1020880.Shop", "SV21T1020880.Shop\SV21T1020880.Shop.csproj", "{2BF2A42E-63B9-4D84-9D25-E83E5190591E}"
EndProject
Global
	GlobalSection(SolutionConfigurationPlatforms) = preSolution
		Debug|Any CPU = Debug|Any CPU
		Release|Any CPU = Release|Any CPU
	EndGlobalSection
	GlobalSection(ProjectConfigurationPlatforms) = postSolution
		{6574ACB7-9427-48E5-BE7A-1FFF724E03AA}.Debug|Any CPU.ActiveCfg = Debug|Any CPU
		{6574ACB7-9427-48E5-BE7A-1FFF724E03AA}.Debug|Any CPU.Build.0 = Debug|Any CPU
		{6574ACB7-9427-48E5-BE7A-1FFF724E03AA}.Release|Any CPU.ActiveCfg = Release|Any CPU
		{6574ACB7-9427-48E5-BE7A-1FFF724E03AA}.Release|Any CPU.Build.0 = Release|Any CPU
		{B5361021-0BB4-4FAB-8AB2-8F9B58467FF1}.Debug|Any CPU.ActiveCfg = Debug|Any CPU
		{B5361021-0BB4-4FAB-8AB2-8F9B58467FF1}.Debug|Any CPU.Build.0 = Debug|Any CPU
		{B5361021-0BB4-4FAB-8AB2-8F9B58467FF1}.Release|Any CPU.ActiveCfg = Release|Any CPU
		{B5361021-0BB4-4FAB-8AB2-8F9B58467FF1}.Release|Any CPU.Build.0 = Release|Any CPU
		{4B59F6CE-99C7-4E38-84E5-56E8DD7E26F3}.Debug|Any CPU.ActiveCfg = Debug|Any CPU
		{4B59F6CE-99C7-4E38-84E5-56E8DD7E26F3}.Debug|Any CPU.Build.0 = Debug|Any CPU
		{4B59F6CE-99C7-4E38-84E5-56E8DD7E26F3}.Release|Any CPU.ActiveCfg = Release|Any CPU
		{4B59F6CE-99C7-4E38-84E5-56E8DD7E26F3}.Release|Any CPU.Build.0 = Release|Any CPU
		{C8BE75F5-FC39-4A28-BEF8-9E576A87CEA3}.Debug|Any CPU.ActiveCfg = Debug|Any CPU
		{C8BE75F5-FC39-4A28-BEF8-9E576A87CEA3}.Debug|Any CPU.Build.0 = Debug|Any CPU
		{C8BE75F5-FC39-4A28-BEF8-9E576A87CEA3}.Release|Any CPU.ActiveCfg = Release|Any CPU
		{C8BE75F5-FC39-4A28-BEF8-9E576A87CEA3}.Release|Any CPU.Build.0 = Release|Any CPU
		{2BF2A42E-63B9-4D84-9D25-E83E5190591E}.Debug|Any CPU.ActiveCfg = Debug|Any CPU
		{2BF2A42E-63B9-4D84-9D25-E83E5190591E}.Debug|Any CPU.Build.0 = Debug|Any CPU
		{2BF2A42E-63B9-4D84-9D25-E83E5190591E}.Release|Any CPU.ActiveCfg = Release|Any CPU
		{2BF2A42E-63B9-4D84-9D25-E83E5190591E}.Release|Any CPU.Build.0 = Release|Any CPU
	EndGlobalSection
	GlobalSection(SolutionProperties) = preSolution
		HideSolutionNode = FALSE
	EndGlobalSection
	GlobalSection(NestedProjects) = preSolution
		{6574ACB7-9427-48E5-BE7A-1FFF724E03AA} = {C80D0E92-DCD7-4A37-9823-4859203D07D0}
		{B5361021-0BB4-4FAB-8AB2-8F9B58467FF1} = {E0BBBE79-D568-4AFE-B279-CCDE37DE0CAE}
		{4B59F6CE-99C7-4E38-84E5-56E8DD7E26F3} = {E0BBBE79-D568-4AFE-B279-CCDE37DE0CAE}
		{C8BE75F5-FC39-4A28-BEF8-9E576A87CEA3} = {E0BBBE79-D568-4AFE-B279-CCDE37DE0CAE}
		{2BF2A42E-63B9-4D84-9D25-E83E5190591E} = {C80D0E92-DCD7-4A37-9823-4859203D07D0}
	EndGlobalSection
	GlobalSection(ExtensibilityGlobals) = postSolution
		SolutionGuid = {9F4B8651-1530-4134-83AB-7CC70AD92B7A}
	EndGlobalSection
EndGlobal
